
Microsoft Visual Studio Solution File, Format Version 12.00
# Visual Studio 15
Project("{FAE04EC0-301F-11D3-BF4B-00C04F79EFBC}") = "UnitTestsLessons", "UnitTestsLessons\UnitTestsLessons.csproj", "{7F17B37C-3A1C-41EC-955C-41D0DF5C1875}"
EndProject
Project("{FAE04EC0-301F-11D3-BF4B-00C04F79EFBC}") = "UnitTestsLessonsTests", "UnitTestsLessonsTests\UnitTestsLessonsTests.csproj", "{C3187712-FF13-4FE5-B434-1EAAAFDE9F38}"
EndProject
Global
	GlobalSection(SolutionConfigurationPlatforms) = preSolution
		Debug|Any CPU = Debug|Any CPU
		Release|Any CPU = Release|Any CPU
	EndGlobalSection
	GlobalSection(ProjectConfigurationPlatforms) = postSolution
		{7F17B37C-3A1C-41EC-955C-41D0DF5C1875}.Debug|Any CPU.ActiveCfg = Debug|Any CPU
		{7F17B37C-3A1C-41EC-955C-41D0DF5C1875}.Debug|Any CPU.Build.0 = Debug|Any CPU
		{7F17B37C-3A1C-41EC-955C-41D0DF5C1875}.Release|Any CPU.ActiveCfg = Release|Any CPU
		{7F17B37C-3A1C-41EC-955C-41D0DF5C1875}.Release|Any CPU.Build.0 = Release|Any CPU
		{C3187712-FF13-4FE5-B434-1EAAAFDE9F38}.Debug|Any CPU.ActiveCfg = Debug|Any CPU
		{C3187712-FF13-4FE5-B434-1EAAAFDE9F38}.Debug|Any CPU.Build.0 = Debug|Any CPU
		{C3187712-FF13-4FE5-B434-1EAAAFDE9F38}.Release|Any CPU.ActiveCfg = Release|Any CPU
		{C3187712-FF13-4FE5-B434-1EAAAFDE9F38}.Release|Any CPU.Build.0 = Release|Any CPU
	EndGlobalSection
EndGlobal
